
Microsoft Visual Studio Solution File, Format Version 12.00
# Visual Studio 15
Project("{FAE04EC0-301F-11D3-BF4B-00C04F79EFBC}") = "Assembly-CSharp-firstpass", "Assembly-CSharp-firstpass.csproj", "{1AF46EB4-016F-0C4C-D9CE-C98DC97CCBB2}"
EndProject
Project("{FAE04EC0-301F-11D3-BF4B-00C04F79EFBC}") = "Assembly-CSharp", "Assembly-CSharp.csproj", "{33175D0A-0D7A-05F7-9642-6BDA304944FE}"
EndProject
Project("{FAE04EC0-301F-11D3-BF4B-00C04F79EFBC}") = "Assembly-CSharp-Editor-firstpass", "Assembly-CSharp-Editor-firstpass.csproj", "{50D63F01-2B16-6962-D151-BE2988E6A386}"
EndProject
Global
	GlobalSection(SolutionConfigurationPlatforms) = preSolution
		Debug|Any CPU = Debug|Any CPU
		Release|Any CPU = Release|Any CPU
	EndGlobalSection
	GlobalSection(ProjectConfigurationPlatforms) = postSolution
		{1AF46EB4-016F-0C4C-D9CE-C98DC97CCBB2}.Debug|Any CPU.ActiveCfg = Debug|Any CPU
		{1AF46EB4-016F-0C4C-D9CE-C98DC97CCBB2}.Debug|Any CPU.Build.0 = Debug|Any CPU
		{1AF46EB4-016F-0C4C-D9CE-C98DC97CCBB2}.Release|Any CPU.ActiveCfg = Release|Any CPU
		{1AF46EB4-016F-0C4C-D9CE-C98DC97CCBB2}.Release|Any CPU.Build.0 = Release|Any CPU
		{33175D0A-0D7A-05F7-9642-6BDA304944FE}.Debug|Any CPU.ActiveCfg = Debug|Any CPU
		{33175D0A-0D7A-05F7-9642-6BDA304944FE}.Debug|Any CPU.Build.0 = Debug|Any CPU
		{33175D0A-0D7A-05F7-9642-6BDA304944FE}.Release|Any CPU.ActiveCfg = Release|Any CPU
		{33175D0A-0D7A-05F7-9642-6BDA304944FE}.Release|Any CPU.Build.0 = Release|Any CPU
		{50D63F01-2B16-6962-D151-BE2988E6A386}.Debug|Any CPU.ActiveCfg = Debug|Any CPU
		{50D63F01-2B16-6962-D151-BE2988E6A386}.Debug|Any CPU.Build.0 = Debug|Any CPU
		{50D63F01-2B16-6962-D151-BE2988E6A386}.Release|Any CPU.ActiveCfg = Release|Any CPU
		{50D63F01-2B16-6962-D151-BE2988E6A386}.Release|Any CPU.Build.0 = Release|Any CPU
	EndGlobalSection
	GlobalSection(SolutionProperties) = preSolution
		HideSolutionNode = FALSE
	EndGlobalSection
EndGlobal
